
Microsoft Visual Studio Solution File, Format Version 12.00
# Visual Studio Version 17
VisualStudioVersion = 17.0.31903.59
MinimumVisualStudioVersion = 10.0.40219.1
Project("{FAE04EC0-301F-11D3-BF4B-00C04F79EFBC}") = "Classlib1", "repro\Classlib1\Classlib1.csproj", "{86AED6BA-E6BF-4CEF-BF6E-06869A70F74B}"
EndProject
Global
	GlobalSection(SolutionConfigurationPlatforms) = preSolution
		Debug|Any CPU = Debug|Any CPU
		Release|Any CPU = Release|Any CPU
	EndGlobalSection
	GlobalSection(SolutionProperties) = preSolution
		HideSolutionNode = FALSE
	EndGlobalSection
	GlobalSection(ProjectConfigurationPlatforms) = postSolution
		{86AED6BA-E6BF-4CEF-BF6E-06869A70F74B}.Debug|Any CPU.ActiveCfg = Debug|Any CPU
		{86AED6BA-E6BF-4CEF-BF6E-06869A70F74B}.Debug|Any CPU.Build.0 = Debug|Any CPU
		{86AED6BA-E6BF-4CEF-BF6E-06869A70F74B}.Release|Any CPU.ActiveCfg = Release|Any CPU
		{86AED6BA-E6BF-4CEF-BF6E-06869A70F74B}.Release|Any CPU.Build.0 = Release|Any CPU
	EndGlobalSection
EndGlobal
